prepare_images:
  cmd: python refine_masati.py
  deps:
  - path: MASATI-v2/
    md5: 231b4357ae8e029ebcaafce1fe33d7d1.dir
    size: 1736795071
    nfiles: 5023
  outs:
  - path: PNGImages
    md5: 88a04b86e52528bec9af55eacd6d4748.dir
    size: 782464766
    nfiles: 2368
  - path: xml_annotations
    md5: cdf1ee07de65a723a88f34c71584ef64.dir
    size: 1692433
    nfiles: 2368
get_yolo_labels:
  cmd: python convert_xml_to_yolotxt.py
  deps:
  - path: PNGImages/
    md5: 88a04b86e52528bec9af55eacd6d4748.dir
    size: 782464766
    nfiles: 2368
  - path: xml_annotations/
    md5: cdf1ee07de65a723a88f34c71584ef64.dir
    size: 1692433
    nfiles: 2368
  outs:
  - path: yolo_annotations
    md5: ba577dbf3e3f8a1894c4c80f57a941cd.dir
    size: 194737
    nfiles: 2368
split_dataset:
  cmd: python train_test_split.py
  deps:
  - path: PNGImages
    md5: d751713988987e9331980363e24189ce.dir
    size: 0
    nfiles: 0
  - path: train_test_split.py
    md5: c1ae4cfc990c168f57eafbd1f49ce9a5
    size: 3901
  - path: xml_annotations/
    md5: cdf1ee07de65a723a88f34c71584ef64.dir
    size: 1692433
    nfiles: 2368
  params:
    params.yaml:
      split_dataset.annotations_dir: xml_annotations
      split_dataset.trainpct: 0.75
  outs:
  - path: train/
    md5: e4224b66e9d70292eb6ee2e36a108e37.dir
    size: 583774686
    nfiles: 1776
  - path: validation/
    md5: a340ccdfd92b583a884f8154d1034a16.dir
    size: 198690080
    nfiles: 592
  - path: xml_annotations_test.txt
    md5: cdf8bca749a0bbdfc4d9bff0d94581d8
    size: 46176
  - path: xml_annotations_train.txt
    md5: 94d12da9a4e4045771a54c209206b4a0
    size: 138528
get_json_labels:
  cmd: python convert_masatixml_to_json_labels.py
  deps:
  - path: convert_masatixml_to_json_labels.py
    md5: 4f46408ef55108429d2b4ffd5d990dcc
    size: 7894
  - path: xml_annotations_test.txt
    md5: cdf8bca749a0bbdfc4d9bff0d94581d8
    size: 46176
  - path: xml_annotations_train.txt
    md5: 94d12da9a4e4045771a54c209206b4a0
    size: 138528
  params:
    params.yaml:
      get_json_labels.classes:
      - boat
      get_json_labels.is_masati: true
      get_json_labels.output_json_test: annotations_test.json
      get_json_labels.output_json_train: annotations_train.json
      get_json_labels.test_labels: xml_annotations_test.txt
      get_json_labels.train_labels: xml_annotations_train.txt
  outs:
  - path: coco_json_annotations/annotations_test.json
    md5: 585b6f8a11feaa4f16bc19ee40db15e0
    size: 712255
  - path: coco_json_annotations/annotations_train.json
    md5: 16a96b52ed0766ae41bf93774d7c7e24
    size: 521268
